
Microsoft Visual Studio Solution File, Format Version 12.00
# Visual Studio 15
VisualStudioVersion = 15.0.28010.2019
MinimumVisualStudioVersion = 10.0.40219.1
Project("{FAE04EC0-301F-11D3-BF4B-00C04F79EFBC}") = "WebEAP", "WebEAP\WebEAP.csproj", "{F5F6382F-A528-49DF-BB12-3554B2433EB4}"
EndProject
Project("{FAE04EC0-301F-11D3-BF4B-00C04F79EFBC}") = "MVCClient", "MVCClient\MVCClient.csproj", "{7F728AA1-C042-45D1-B960-A824B9825272}"
EndProject
Project("{FAE04EC0-301F-11D3-BF4B-00C04F79EFBC}") = "CosoleClient", "CosoleClient\CosoleClient.csproj", "{89A108D2-100A-4FEA-9FC6-4475CB727DC8}"
EndProject
Project("{FAE04EC0-301F-11D3-BF4B-00C04F79EFBC}") = "WinformClient", "WinformClient\WinformClient.csproj", "{5159755A-8B1C-4DC1-BEA6-67C65CF344B7}"
EndProject
Project("{FAE04EC0-301F-11D3-BF4B-00C04F79EFBC}") = "ServerApplication", "ServerApplication\ServerApplication.csproj", "{9E67E322-770D-4D5F-9F1A-3CE66FCD0779}"
EndProject
Project("{FAE04EC0-301F-11D3-BF4B-00C04F79EFBC}") = "WCF_MVC", "WCF_MVC\WCF_MVC.csproj", "{E9E9B8B9-2F64-4989-B6C7-4F1276F232ED}"
	ProjectSection(ProjectDependencies) = postProject
		{9E67E322-770D-4D5F-9F1A-3CE66FCD0779} = {9E67E322-770D-4D5F-9F1A-3CE66FCD0779}
	EndProjectSection
EndProject
Project("{FAE04EC0-301F-11D3-BF4B-00C04F79EFBC}") = "WCF_Cosole", "WCF_Cosole\WCF_Cosole.csproj", "{18C9C432-35DB-4B34-B51F-F86631743758}"
	ProjectSection(ProjectDependencies) = postProject
		{9E67E322-770D-4D5F-9F1A-3CE66FCD0779} = {9E67E322-770D-4D5F-9F1A-3CE66FCD0779}
	EndProjectSection
EndProject
Project("{FAE04EC0-301F-11D3-BF4B-00C04F79EFBC}") = "WCF_Winform", "WCF_Winform\WCF_Winform.csproj", "{8614897B-CBFA-4A0B-B12C-0B2D24EF003A}"
EndProject
Global
	GlobalSection(SolutionConfigurationPlatforms) = preSolution
		Debug|Any CPU = Debug|Any CPU
		Release|Any CPU = Release|Any CPU
	EndGlobalSection
	GlobalSection(ProjectConfigurationPlatforms) = postSolution
		{F5F6382F-A528-49DF-BB12-3554B2433EB4}.Debug|Any CPU.ActiveCfg = Debug|Any CPU
		{F5F6382F-A528-49DF-BB12-3554B2433EB4}.Debug|Any CPU.Build.0 = Debug|Any CPU
		{F5F6382F-A528-49DF-BB12-3554B2433EB4}.Release|Any CPU.ActiveCfg = Release|Any CPU
		{F5F6382F-A528-49DF-BB12-3554B2433EB4}.Release|Any CPU.Build.0 = Release|Any CPU
		{7F728AA1-C042-45D1-B960-A824B9825272}.Debug|Any CPU.ActiveCfg = Debug|Any CPU
		{7F728AA1-C042-45D1-B960-A824B9825272}.Debug|Any CPU.Build.0 = Debug|Any CPU
		{7F728AA1-C042-45D1-B960-A824B9825272}.Release|Any CPU.ActiveCfg = Release|Any CPU
		{7F728AA1-C042-45D1-B960-A824B9825272}.Release|Any CPU.Build.0 = Release|Any CPU
		{89A108D2-100A-4FEA-9FC6-4475CB727DC8}.Debug|Any CPU.ActiveCfg = Debug|Any CPU
		{89A108D2-100A-4FEA-9FC6-4475CB727DC8}.Debug|Any CPU.Build.0 = Debug|Any CPU
		{89A108D2-100A-4FEA-9FC6-4475CB727DC8}.Release|Any CPU.ActiveCfg = Release|Any CPU
		{89A108D2-100A-4FEA-9FC6-4475CB727DC8}.Release|Any CPU.Build.0 = Release|Any CPU
		{5159755A-8B1C-4DC1-BEA6-67C65CF344B7}.Debug|Any CPU.ActiveCfg = Debug|Any CPU
		{5159755A-8B1C-4DC1-BEA6-67C65CF344B7}.Debug|Any CPU.Build.0 = Debug|Any CPU
		{5159755A-8B1C-4DC1-BEA6-67C65CF344B7}.Release|Any CPU.ActiveCfg = Release|Any CPU
		{5159755A-8B1C-4DC1-BEA6-67C65CF344B7}.Release|Any CPU.Build.0 = Release|Any CPU
		{9E67E322-770D-4D5F-9F1A-3CE66FCD0779}.Debug|Any CPU.ActiveCfg = Debug|Any CPU
		{9E67E322-770D-4D5F-9F1A-3CE66FCD0779}.Debug|Any CPU.Build.0 = Debug|Any CPU
		{9E67E322-770D-4D5F-9F1A-3CE66FCD0779}.Release|Any CPU.ActiveCfg = Release|Any CPU
		{9E67E322-770D-4D5F-9F1A-3CE66FCD0779}.Release|Any CPU.Build.0 = Release|Any CPU
		{E9E9B8B9-2F64-4989-B6C7-4F1276F232ED}.Debug|Any CPU.ActiveCfg = Debug|Any CPU
		{E9E9B8B9-2F64-4989-B6C7-4F1276F232ED}.Debug|Any CPU.Build.0 = Debug|Any CPU
		{E9E9B8B9-2F64-4989-B6C7-4F1276F232ED}.Release|Any CPU.ActiveCfg = Release|Any CPU
		{E9E9B8B9-2F64-4989-B6C7-4F1276F232ED}.Release|Any CPU.Build.0 = Release|Any CPU
		{18C9C432-35DB-4B34-B51F-F86631743758}.Debug|Any CPU.ActiveCfg = Debug|Any CPU
		{18C9C432-35DB-4B34-B51F-F86631743758}.Debug|Any CPU.Build.0 = Debug|Any CPU
		{18C9C432-35DB-4B34-B51F-F86631743758}.Release|Any CPU.ActiveCfg = Release|Any CPU
		{18C9C432-35DB-4B34-B51F-F86631743758}.Release|Any CPU.Build.0 = Release|Any CPU
		{8614897B-CBFA-4A0B-B12C-0B2D24EF003A}.Debug|Any CPU.ActiveCfg = Debug|Any CPU
		{8614897B-CBFA-4A0B-B12C-0B2D24EF003A}.Debug|Any CPU.Build.0 = Debug|Any CPU
		{8614897B-CBFA-4A0B-B12C-0B2D24EF003A}.Release|Any CPU.ActiveCfg = Release|Any CPU
		{8614897B-CBFA-4A0B-B12C-0B2D24EF003A}.Release|Any CPU.Build.0 = Release|Any CPU
	EndGlobalSection
	GlobalSection(SolutionProperties) = preSolution
		HideSolutionNode = FALSE
	EndGlobalSection
	GlobalSection(ExtensibilityGlobals) = postSolution
		SolutionGuid = {9C8CFB67-E7F3-4E60-A029-DB4FF41F840A}
	EndGlobalSection
EndGlobal
